{
  "originHash" : "2c60786de8f572d2e1c902074558ec2a0fe5e023c69b8ae7d1a540694b07510c",
  "pins" : [
    {
      "identity" : "wallet-mobile-sdk",
      "kind" : "remoteSourceControl",
      "location" : "https://github.com/coinbase/wallet-mobile-sdk",
      "state" : {
        "revision" : "4293df51d3500b8e876ca4bf0d7548adf097569a",
        "version" : "1.1.2"
      }
    }
  ],
  "version" : 3
}
